// !$*UTF8*$!
{
	archiveVersion = 1;
	classes = {
	};
	objectVersion = 56;
	objects = {

/* Begin PBXBuildFile section */
		EC30E6912C5FF28500E460D0 /* OpenGLES.framework in Frameworks */ = {isa = PBXBuildFile; fileRef = EC30E6902C5FF28500E460D0 /* OpenGLES.framework */; };
		EC46621C2C89F3EB0099759B /* Stone.bmp in Resources */ = {isa = PBXBuildFile; fileRef = EC46621B2C89F3EB0099759B /* Stone.bmp */; };
		EC77CD7C2C5EABBC00F75D62 /* AppDelegate.m in Sources */ = {isa = PBXBuildFile; fileRef = EC77CD7B2C5EABBC00F75D62 /* AppDelegate.m */; };
		EC77CD822C5EABBC00F75D62 /* ViewController.m in Sources */ = {isa = PBXBuildFile; fileRef = EC77CD812C5EABBC00F75D62 /* ViewController.m */; };
		EC77CD872C5EABBE00F75D62 /* Assets.xcassets in Resources */ = {isa = PBXBuildFile; fileRef = EC77CD862C5EABBE00F75D62 /* Assets.xcassets */; };
		EC77CD8D2C5EABBE00F75D62 /* main.m in Sources */ = {isa = PBXBuildFile; fileRef = EC77CD8C2C5EABBE00F75D62 /* main.m */; };
		EC77CD952C5EB56B00F75D62 /* GLESView.mm in Sources */ = {isa = PBXBuildFile; fileRef = EC77CD942C5EB56B00F75D62 /* GLESView.mm */; };
/* End PBXBuildFile section */

/* Begin PBXFileReference section */
		EC15044D2C877E3700F77AFD /* vmath.h */ = {isa = PBXFileReference; fileEncoding = 4; lastKnownFileType = sourcecode.c.h; name = vmath.h; path = "../../../02-OpenGL/08.2.2-Cube_Texture copy/vmath.h"; sourceTree = "<group>"; };
		EC30E6902C5FF28500E460D0 /* OpenGLES.framework */ = {isa = PBXFileReference; lastKnownFileType = wrapper.framework; name = OpenGLES.framework; path = System/Library/Frameworks/OpenGLES.framework; sourceTree = SDKROOT; };
		EC46621B2C89F3EB0099759B /* Stone.bmp */ = {isa = PBXFileReference; lastKnownFileType = image.bmp; name = Stone.bmp; path = ../../../../Stone.bmp; sourceTree = "<group>"; };
		EC77CD772C5EABBC00F75D62 /* 01-Window.app */ = {isa = PBXFileReference; explicitFileType = wrapper.application; includeInIndex = 0; path = "01-Window.app"; sourceTree = BUILT_PRODUCTS_DIR; };
		EC77CD7A2C5EABBC00F75D62 /* AppDelegate.h */ = {isa = PBXFileReference; lastKnownFileType = sourcecode.c.h; path = AppDelegate.h; sourceTree = "<group>"; };
		EC77CD7B2C5EABBC00F75D62 /* AppDelegate.m */ = {isa = PBXFileReference; lastKnownFileType = sourcecode.c.objc; path = AppDelegate.m; sourceTree = "<group>"; };
		EC77CD802C5EABBC00F75D62 /* ViewController.h */ = {isa = PBXFileReference; lastKnownFileType = sourcecode.c.h; path = ViewController.h; sourceTree = "<group>"; };
		EC77CD812C5EABBC00F75D62 /* ViewController.m */ = {isa = PBXFileReference; lastKnownFileType = sourcecode.c.objc; path = ViewController.m; sourceTree = "<group>"; };
		EC77CD862C5EABBE00F75D62 /* Assets.xcassets */ = {isa = PBXFileReference; lastKnownFileType = folder.assetcatalog; path = Assets.xcassets; sourceTree = "<group>"; };
		EC77CD8B2C5EABBE00F75D62 /* Info.plist */ = {isa = PBXFileReference; lastKnownFileType = text.plist.xml; path = Info.plist; sourceTree = "<group>"; };
		EC77CD8C2C5EABBE00F75D62 /* main.m */ = {isa = PBXFileReference; lastKnownFileType = sourcecode.c.objc; path = main.m; sourceTree = "<group>"; };
		EC77CD932C5EB56B00F75D62 /* GLESView.h */ = {isa = PBXFileReference; lastKnownFileType = sourcecode.c.h; path = GLESView.h; sourceTree = "<group>"; };
		EC77CD942C5EB56B00F75D62 /* GLESView.mm */ = {isa = PBXFileReference; lastKnownFileType = sourcecode.cpp.objcpp; path = GLESView.mm; sourceTree = "<group>"; };
/* End PBXFileReference section */

/* Begin PBXFrameworksBuildPhase section */
		EC77CD742C5EABBC00F75D62 /* Frameworks */ = {
			isa = PBXFrameworksBuildPhase;
			buildActionMask = 2147483647;
			files = (
				EC30E6912C5FF28500E460D0 /* OpenGLES.framework in Frameworks */,
			);
			runOnlyForDeploymentPostprocessing = 0;
		};
/* End PBXFrameworksBuildPhase section */

/* Begin PBXGroup section */
		EC30E68F2C5FF28400E460D0 /* Frameworks */ = {
			isa = PBXGroup;
			children = (
				EC30E6902C5FF28500E460D0 /* OpenGLES.framework */,
			);
			name = Frameworks;
			sourceTree = "<group>";
		};
		EC77CD6E2C5EABBC00F75D62 = {
			isa = PBXGroup;
			children = (
				EC77CD792C5EABBC00F75D62 /* 01-Window */,
				EC77CD782C5EABBC00F75D62 /* Products */,
				EC30E68F2C5FF28400E460D0 /* Frameworks */,
			);
			sourceTree = "<group>";
		};
		EC77CD782C5EABBC00F75D62 /* Products */ = {
			isa = PBXGroup;
			children = (
				EC77CD772C5EABBC00F75D62 /* 01-Window.app */,
			);
			name = Products;
			sourceTree = "<group>";
		};
		EC77CD792C5EABBC00F75D62 /* 01-Window */ = {
			isa = PBXGroup;
			children = (
				EC46621B2C89F3EB0099759B /* Stone.bmp */,
				EC15044D2C877E3700F77AFD /* vmath.h */,
				EC77CD7A2C5EABBC00F75D62 /* AppDelegate.h */,
				EC77CD7B2C5EABBC00F75D62 /* AppDelegate.m */,
				EC77CD802C5EABBC00F75D62 /* ViewController.h */,
				EC77CD812C5EABBC00F75D62 /* ViewController.m */,
				EC77CD932C5EB56B00F75D62 /* GLESView.h */,
				EC77CD942C5EB56B00F75D62 /* GLESView.mm */,
				EC77CD862C5EABBE00F75D62 /* Assets.xcassets */,
				EC77CD8B2C5EABBE00F75D62 /* Info.plist */,
				EC77CD8C2C5EABBE00F75D62 /* main.m */,
			);
			path = "01-Window";
			sourceTree = "<group>";
		};
/* End PBXGroup section */

/* Begin PBXNativeTarget section */
		EC77CD762C5EABBC00F75D62 /* 01-Window */ = {
			isa = PBXNativeTarget;
			buildConfigurationList = EC77CD902C5EABBE00F75D62 /* Build configuration list for PBXNativeTarget "01-Window" */;
			buildPhases = (
				EC77CD732C5EABBC00F75D62 /* Sources */,
				EC77CD742C5EABBC00F75D62 /* Frameworks */,
				EC77CD752C5EABBC00F75D62 /* Resources */,
			);
			buildRules = (
			);
			dependencies = (
			);
			name = "01-Window";
			productName = "01-Window";
			productReference = EC77CD772C5EABBC00F75D62 /* 01-Window.app */;
			productType = "com.apple.product-type.application";
		};
/* End PBXNativeTarget section */

/* Begin PBXProject section */
		EC77CD6F2C5EABBC00F75D62 /* Project object */ = {
			isa = PBXProject;
			attributes = {
				BuildIndependentTargetsInParallel = 1;
				LastUpgradeCheck = 1540;
				TargetAttributes = {
					EC77CD762C5EABBC00F75D62 = {
						CreatedOnToolsVersion = 15.4;
					};
				};
			};
			buildConfigurationList = EC77CD722C5EABBC00F75D62 /* Build configuration list for PBXProject "01-Window" */;
			compatibilityVersion = "Xcode 14.0";
			developmentRegion = en;
			hasScannedForEncodings = 0;
			knownRegions = (
				en,
				Base,
			);
			mainGroup = EC77CD6E2C5EABBC00F75D62;
			productRefGroup = EC77CD782C5EABBC00F75D62 /* Products */;
			projectDirPath = "";
			projectRoot = "";
			targets = (
				EC77CD762C5EABBC00F75D62 /* 01-Window */,
			);
		};
/* End PBXProject section */

/* Begin PBXResourcesBuildPhase section */
		EC77CD752C5EABBC00F75D62 /* Resources */ = {
			isa = PBXResourcesBuildPhase;
			buildActionMask = 2147483647;
			files = (
				EC77CD872C5EABBE00F75D62 /* Assets.xcassets in Resources */,
				EC46621C2C89F3EB0099759B /* Stone.bmp in Resources */,
			);
			runOnlyForDeploymentPostprocessing = 0;
		};
/* End PBXResourcesBuildPhase section */

/* Begin PBXSourcesBuildPhase section */
		EC77CD732C5EABBC00F75D62 /* Sources */ = {
			isa = PBXSourcesBuildPhase;
			buildActionMask = 2147483647;
			files = (
				EC77CD952C5EB56B00F75D62 /* GLESView.mm in Sources */,
				EC77CD822C5EABBC00F75D62 /* ViewController.m in Sources */,
				EC77CD7C2C5EABBC00F75D62 /* AppDelegate.m in Sources */,
				EC77CD8D2C5EABBE00F75D62 /* main.m in Sources */,
			);
			runOnlyForDeploymentPostprocessing = 0;
		};
/* End PBXSourcesBuildPhase section */

/* Begin XCBuildConfiguration section */
		EC77CD8E2C5EABBE00F75D62 /* Debug */ = {
			isa = XCBuildConfiguration;
			buildSettings = {
				ALWAYS_SEARCH_USER_PATHS = NO;
				ASSETCATALOG_COMPILER_GENERATE_SWIFT_ASSET_SYMBOL_EXTENSIONS = YES;
				CLANG_ANALYZER_NONNULL = YES;
				CLANG_ANALYZER_NUMBER_OBJECT_CONVERSION = YES_AGGRESSIVE;
				CLANG_CXX_LANGUAGE_STANDARD = "gnu++20";
				CLANG_ENABLE_MODULES = YES;
				CLANG_ENABLE_OBJC_ARC = YES;
				CLANG_ENABLE_OBJC_WEAK = YES;
				CLANG_WARN_BLOCK_CAPTURE_AUTORELEASING = YES;
				CLANG_WARN_BOOL_CONVERSION = YES;
				CLANG_WARN_COMMA = YES;
				CLANG_WARN_CONSTANT_CONVERSION = YES;
				CLANG_WARN_DEPRECATED_OBJC_IMPLEMENTATIONS = YES;
				CLANG_WARN_DIRECT_OBJC_ISA_USAGE = YES_ERROR;
				CLANG_WARN_DOCUMENTATION_COMMENTS = YES;
				CLANG_WARN_EMPTY_BODY = YES;
				CLANG_WARN_ENUM_CONVERSION = YES;
				CLANG_WARN_INFINITE_RECURSION = YES;
				CLANG_WARN_INT_CONVERSION = YES;
				CLANG_WARN_NON_LITERAL_NULL_CONVERSION = YES;
				CLANG_WARN_OBJC_IMPLICIT_RETAIN_SELF = YES;
				CLANG_WARN_OBJC_LITERAL_CONVERSION = YES;
				CLANG_WARN_OBJC_ROOT_CLASS = YES_ERROR;
				CLANG_WARN_QUOTED_INCLUDE_IN_FRAMEWORK_HEADER = YES;
				CLANG_WARN_RANGE_LOOP_ANALYSIS = YES;
				CLANG_WARN_STRICT_PROTOTYPES = YES;
				CLANG_WARN_SUSPICIOUS_MOVE = YES;
				CLANG_WARN_UNGUARDED_AVAILABILITY = YES_AGGRESSIVE;
				CLANG_WARN_UNREACHABLE_CODE = YES;
				CLANG_WARN__DUPLICATE_METHOD_MATCH = YES;
				COPY_PHASE_STRIP = NO;
				DEBUG_INFORMATION_FORMAT = dwarf;
				ENABLE_STRICT_OBJC_MSGSEND = YES;
				ENABLE_TESTABILITY = YES;
				ENABLE_USER_SCRIPT_SANDBOXING = YES;
				GCC_C_LANGUAGE_STANDARD = gnu17;
				GCC_DYNAMIC_NO_PIC = NO;
				GCC_NO_COMMON_BLOCKS = YES;
				GCC_OPTIMIZATION_LEVEL = 0;
				GCC_PREPROCESSOR_DEFINITIONS = (
					"DEBUG=1",
					"$(inherited)",
				);
				GCC_WARN_64_TO_32_BIT_CONVERSION = YES;
				GCC_WARN_ABOUT_RETURN_TYPE = YES_ERROR;
				GCC_WARN_UNDECLARED_SELECTOR = YES;
				GCC_WARN_UNINITIALIZED_AUTOS = YES_AGGRESSIVE;
				GCC_WARN_UNUSED_FUNCTION = YES;
				GCC_WARN_UNUSED_VARIABLE = YES;
				IPHONEOS_DEPLOYMENT_TARGET = 17.5;
				LOCALIZATION_PREFERS_STRING_CATALOGS = YES;
				MTL_ENABLE_DEBUG_INFO = INCLUDE_SOURCE;
				MTL_FAST_MATH = YES;
				ONLY_ACTIVE_ARCH = YES;
				SDKROOT = iphoneos;
			};
			name = Debug;
		};
		EC77CD8F2C5EABBE00F75D62 /* Release */ = {
			isa = XCBuildConfiguration;
			buildSettings = {
				ALWAYS_SEARCH_USER_PATHS = NO;
				ASSETCATALOG_COMPILER_GENERATE_SWIFT_ASSET_SYMBOL_EXTENSIONS = YES;
				CLANG_ANALYZER_NONNULL = YES;
				CLANG_ANALYZER_NUMBER_OBJECT_CONVERSION = YES_AGGRESSIVE;
				CLANG_CXX_LANGUAGE_STANDARD = "gnu++20";
				CLANG_ENABLE_MODULES = YES;
				CLANG_ENABLE_OBJC_ARC = YES;
				CLANG_ENABLE_OBJC_WEAK = YES;
				CLANG_WARN_BLOCK_CAPTURE_AUTORELEASING = YES;
				CLANG_WARN_BOOL_CONVERSION = YES;
				CLANG_WARN_COMMA = YES;
				CLANG_WARN_CONSTANT_CONVERSION = YES;
				CLANG_WARN_DEPRECATED_OBJC_IMPLEMENTATIONS = YES;
				CLANG_WARN_DIRECT_OBJC_ISA_USAGE = YES_ERROR;
				CLANG_WARN_DOCUMENTATION_COMMENTS = YES;
				CLANG_WARN_EMPTY_BODY = YES;
				CLANG_WARN_ENUM_CONVERSION = YES;
				CLANG_WARN_INFINITE_RECURSION = YES;
				CLANG_WARN_INT_CONVERSION = YES;
				CLANG_WARN_NON_LITERAL_NULL_CONVERSION = YES;
				CLANG_WARN_OBJC_IMPLICIT_RETAIN_SELF = YES;
				CLANG_WARN_OBJC_LITERAL_CONVERSION = YES;
				CLANG_WARN_OBJC_ROOT_CLASS = YES_ERROR;
				CLANG_WARN_QUOTED_INCLUDE_IN_FRAMEWORK_HEADER = YES;
				CLANG_WARN_RANGE_LOOP_ANALYSIS = YES;
				CLANG_WARN_STRICT_PROTOTYPES = YES;
				CLANG_WARN_SUSPICIOUS_MOVE = YES;
				CLANG_WARN_UNGUARDED_AVAILABILITY = YES_AGGRESSIVE;
				CLANG_WARN_UNREACHABLE_CODE = YES;
				CLANG_WARN__DUPLICATE_METHOD_MATCH = YES;
				COPY_PHASE_STRIP = NO;
				DEBUG_INFORMATION_FORMAT = "dwarf-with-dsym";
				ENABLE_NS_ASSERTIONS = NO;
				ENABLE_STRICT_OBJC_MSGSEND = YES;
				ENABLE_USER_SCRIPT_SANDBOXING = YES;
				GCC_C_LANGUAGE_STANDARD = gnu17;
				GCC_NO_COMMON_BLOCKS = YES;
				GCC_WARN_64_TO_32_BIT_CONVERSION = YES;
				GCC_WARN_ABOUT_RETURN_TYPE = YES_ERROR;
				GCC_WARN_UNDECLARED_SELECTOR = YES;
				GCC_WARN_UNINITIALIZED_AUTOS = YES_AGGRESSIVE;
				GCC_WARN_UNUSED_FUNCTION = YES;
				GCC_WARN_UNUSED_VARIABLE = YES;
				IPHONEOS_DEPLOYMENT_TARGET = 17.5;
				LOCALIZATION_PREFERS_STRING_CATALOGS = YES;
				MTL_ENABLE_DEBUG_INFO = NO;
				MTL_FAST_MATH = YES;
				SDKROOT = iphoneos;
				VALIDATE_PRODUCT = YES;
			};
			name = Release;
		};
		EC77CD912C5EABBE00F75D62 /* Debug */ = {
			isa = XCBuildConfiguration;
			buildSettings = {
				ASSETCATALOG_COMPILER_APPICON_NAME = AppIcon;
				ASSETCATALOG_COMPILER_GLOBAL_ACCENT_COLOR_NAME = AccentColor;
				CLANG_ENABLE_OBJC_ARC = NO;
				CODE_SIGN_STYLE = Manual;
				CURRENT_PROJECT_VERSION = 1;
				DEVELOPMENT_TEAM = "";
				GENERATE_INFOPLIST_FILE = YES;
				INFOPLIST_FILE = "01-Window/Info.plist";
				INFOPLIST_KEY_UIApplicationSupportsIndirectInputEvents = YES;
				INFOPLIST_KEY_UILaunchStoryboardName = "";
				INFOPLIST_KEY_UIMainStoryboardFile = "";
				INFOPLIST_KEY_UIRequiresFullScreen = YES;
				INFOPLIST_KEY_UIStatusBarHidden = YES;
				INFOPLIST_KEY_UIStatusBarStyle = "";
				INFOPLIST_KEY_UISupportedInterfaceOrientations = "UIInterfaceOrientationLandscapeLeft UIInterfaceOrientationLandscapeRight";
				INFOPLIST_KEY_UISupportedInterfaceOrientations_iPad = UIInterfaceOrientationPortrait;
				LD_RUNPATH_SEARCH_PATHS = (
					"$(inherited)",
					"@executable_path/Frameworks",
				);
				MARKETING_VERSION = 1.0;
				OTHER_CFLAGS = "-Wno-deprecated-declarations";
				PRODUCT_BUNDLE_IDENTIFIER = "HVS.-1-Window";
				PRODUCT_NAME = "$(TARGET_NAME)";
				PROVISIONING_PROFILE_SPECIFIER = "";
				SWIFT_EMIT_LOC_STRINGS = YES;
				TARGETED_DEVICE_FAMILY = "1,2";
			};
			name = Debug;
		};
		EC77CD922C5EABBE00F75D62 /* Release */ = {
			isa = XCBuildConfiguration;
			buildSettings = {
				ASSETCATALOG_COMPILER_APPICON_NAME = AppIcon;
				ASSETCATALOG_COMPILER_GLOBAL_ACCENT_COLOR_NAME = AccentColor;
				CLANG_ENABLE_OBJC_ARC = NO;
				CODE_SIGN_STYLE = Manual;
				CURRENT_PROJECT_VERSION = 1;
				DEVELOPMENT_TEAM = "";
				GENERATE_INFOPLIST_FILE = YES;
				INFOPLIST_FILE = "01-Window/Info.plist";
				INFOPLIST_KEY_UIApplicationSupportsIndirectInputEvents = YES;
				INFOPLIST_KEY_UILaunchStoryboardName = "";
				INFOPLIST_KEY_UIMainStoryboardFile = "";
				INFOPLIST_KEY_UIRequiresFullScreen = YES;
				INFOPLIST_KEY_UIStatusBarHidden = YES;
				INFOPLIST_KEY_UIStatusBarStyle = "";
				INFOPLIST_KEY_UISupportedInterfaceOrientations = "UIInterfaceOrientationLandscapeLeft UIInterfaceOrientationLandscapeRight";
				INFOPLIST_KEY_UISupportedInterfaceOrientations_iPad = UIInterfaceOrientationPortrait;
				LD_RUNPATH_SEARCH_PATHS = (
					"$(inherited)",
					"@executable_path/Frameworks",
				);
				MARKETING_VERSION = 1.0;
				OTHER_CFLAGS = "-Wno-deprecated-declarations";
				PRODUCT_BUNDLE_IDENTIFIER = "HVS.-1-Window";
				PRODUCT_NAME = "$(TARGET_NAME)";
				PROVISIONING_PROFILE_SPECIFIER = "";
				SWIFT_EMIT_LOC_STRINGS = YES;
				TARGETED_DEVICE_FAMILY = "1,2";
			};
			name = Release;
		};
/* End XCBuildConfiguration section */

/* Begin XCConfigurationList section */
		EC77CD722C5EABBC00F75D62 /* Build configuration list for PBXProject "01-Window" */ = {
			isa = XCConfigurationList;
			buildConfigurations = (
				EC77CD8E2C5EABBE00F75D62 /* Debug */,
				EC77CD8F2C5EABBE00F75D62 /* Release */,
			);
			defaultConfigurationIsVisible = 0;
			defaultConfigurationName = Release;
		};
		EC77CD902C5EABBE00F75D62 /* Build configuration list for PBXNativeTarget "01-Window" */ = {
			isa = XCConfigurationList;
			buildConfigurations = (
				EC77CD912C5EABBE00F75D62 /* Debug */,
				EC77CD922C5EABBE00F75D62 /* Release */,
			);
			defaultConfigurationIsVisible = 0;
			defaultConfigurationName = Release;
		};
/* End XCConfigurationList section */
	};
	rootObject = EC77CD6F2C5EABBC00F75D62 /* Project object */;
}
